
Microsoft Visual Studio Solution File, Format Version 12.00
# Visual Studio Version 17
VisualStudioVersion = 17.14.36221.1 d17.14
MinimumVisualStudioVersion = 10.0.40219.1
Project("{FAE04EC0-301F-11D3-BF4B-00C04F79EFBC}") = "Assignment1.1.1", "Assignment1.1.1.csproj", "{52A55D80-1A04-42AF-BDA0-5DFEE45A9352}"
EndProject
Global
	GlobalSection(SolutionConfigurationPlatforms) = preSolution
		Debug|Any CPU = Debug|Any CPU
		Release|Any CPU = Release|Any CPU
	EndGlobalSection
	GlobalSection(ProjectConfigurationPlatforms) = postSolution
		{52A55D80-1A04-42AF-BDA0-5DFEE45A9352}.Debug|Any CPU.ActiveCfg = Debug|Any CPU
		{52A55D80-1A04-42AF-BDA0-5DFEE45A9352}.Debug|Any CPU.Build.0 = Debug|Any CPU
		{52A55D80-1A04-42AF-BDA0-5DFEE45A9352}.Release|Any CPU.ActiveCfg = Release|Any CPU
		{52A55D80-1A04-42AF-BDA0-5DFEE45A9352}.Release|Any CPU.Build.0 = Release|Any CPU
	EndGlobalSection
	GlobalSection(SolutionProperties) = preSolution
		HideSolutionNode = FALSE
	EndGlobalSection
	GlobalSection(ExtensibilityGlobals) = postSolution
		SolutionGuid = {DC8C4AB9-D2C1-4CFA-B165-0C9FE2966EDC}
	EndGlobalSection
EndGlobal
