
Microsoft Visual Studio Solution File, Format Version 12.00
# Visual Studio Version 17
VisualStudioVersion = 17.14.36221.1 d17.14
MinimumVisualStudioVersion = 10.0.40219.1
Project("{FAE04EC0-301F-11D3-BF4B-00C04F79EFBC}") = "Assignment3.1.3", "Assignment3.1.3.csproj", "{4DF14F91-8E2E-4472-80FB-C22D2EE6C410}"
EndProject
Global
	GlobalSection(SolutionConfigurationPlatforms) = preSolution
		Debug|Any CPU = Debug|Any CPU
		Release|Any CPU = Release|Any CPU
	EndGlobalSection
	GlobalSection(ProjectConfigurationPlatforms) = postSolution
		{4DF14F91-8E2E-4472-80FB-C22D2EE6C410}.Debug|Any CPU.ActiveCfg = Debug|Any CPU
		{4DF14F91-8E2E-4472-80FB-C22D2EE6C410}.Debug|Any CPU.Build.0 = Debug|Any CPU
		{4DF14F91-8E2E-4472-80FB-C22D2EE6C410}.Release|Any CPU.ActiveCfg = Release|Any CPU
		{4DF14F91-8E2E-4472-80FB-C22D2EE6C410}.Release|Any CPU.Build.0 = Release|Any CPU
	EndGlobalSection
	GlobalSection(SolutionProperties) = preSolution
		HideSolutionNode = FALSE
	EndGlobalSection
	GlobalSection(ExtensibilityGlobals) = postSolution
		SolutionGuid = {1DDE751E-BE44-43EB-B783-367A295682B4}
	EndGlobalSection
EndGlobal
