
Microsoft Visual Studio Solution File, Format Version 12.00
# Visual Studio Version 17
VisualStudioVersion = 17.14.36401.2 d17.14
MinimumVisualStudioVersion = 10.0.40219.1
Project("{FAE04EC0-301F-11D3-BF4B-00C04F79EFBC}") = "Assignment7.1.1", "Assignment7.1.1.csproj", "{B704DF1A-D73E-41DD-BF5A-67DCBE62B4A7}"
EndProject
Global
	GlobalSection(SolutionConfigurationPlatforms) = preSolution
		Debug|Any CPU = Debug|Any CPU
		Release|Any CPU = Release|Any CPU
	EndGlobalSection
	GlobalSection(ProjectConfigurationPlatforms) = postSolution
		{B704DF1A-D73E-41DD-BF5A-67DCBE62B4A7}.Debug|Any CPU.ActiveCfg = Debug|Any CPU
		{B704DF1A-D73E-41DD-BF5A-67DCBE62B4A7}.Debug|Any CPU.Build.0 = Debug|Any CPU
		{B704DF1A-D73E-41DD-BF5A-67DCBE62B4A7}.Release|Any CPU.ActiveCfg = Release|Any CPU
		{B704DF1A-D73E-41DD-BF5A-67DCBE62B4A7}.Release|Any CPU.Build.0 = Release|Any CPU
	EndGlobalSection
	GlobalSection(SolutionProperties) = preSolution
		HideSolutionNode = FALSE
	EndGlobalSection
	GlobalSection(ExtensibilityGlobals) = postSolution
		SolutionGuid = {EBBE88B4-C40E-4A45-98C6-7E7BE66551BB}
	EndGlobalSection
EndGlobal
