
Microsoft Visual Studio Solution File, Format Version 12.00
# Visual Studio Version 17
VisualStudioVersion = 17.14.36429.23 d17.14
MinimumVisualStudioVersion = 10.0.40219.1
Project("{FAE04EC0-301F-11D3-BF4B-00C04F79EFBC}") = "Assignment10.2.2", "Assignment10.2.2.csproj", "{8D6AB957-3AEE-40D9-B773-A1C41BF9976B}"
EndProject
Global
	GlobalSection(SolutionConfigurationPlatforms) = preSolution
		Debug|Any CPU = Debug|Any CPU
		Release|Any CPU = Release|Any CPU
	EndGlobalSection
	GlobalSection(ProjectConfigurationPlatforms) = postSolution
		{8D6AB957-3AEE-40D9-B773-A1C41BF9976B}.Debug|Any CPU.ActiveCfg = Debug|Any CPU
		{8D6AB957-3AEE-40D9-B773-A1C41BF9976B}.Debug|Any CPU.Build.0 = Debug|Any CPU
		{8D6AB957-3AEE-40D9-B773-A1C41BF9976B}.Release|Any CPU.ActiveCfg = Release|Any CPU
		{8D6AB957-3AEE-40D9-B773-A1C41BF9976B}.Release|Any CPU.Build.0 = Release|Any CPU
	EndGlobalSection
	GlobalSection(SolutionProperties) = preSolution
		HideSolutionNode = FALSE
	EndGlobalSection
	GlobalSection(ExtensibilityGlobals) = postSolution
		SolutionGuid = {1275F824-DA1A-4A74-BE41-398ECDC1D5C5}
	EndGlobalSection
EndGlobal
