
Microsoft Visual Studio Solution File, Format Version 12.00
# Visual Studio Version 17
VisualStudioVersion = 17.14.36221.1 d17.14
MinimumVisualStudioVersion = 10.0.40219.1
Project("{FAE04EC0-301F-11D3-BF4B-00C04F79EFBC}") = "Assignment4.1.1", "Assignment4.1.1.csproj", "{400DD07E-8C96-455F-8446-E09F2133A288}"
EndProject
Global
	GlobalSection(SolutionConfigurationPlatforms) = preSolution
		Debug|Any CPU = Debug|Any CPU
		Release|Any CPU = Release|Any CPU
	EndGlobalSection
	GlobalSection(ProjectConfigurationPlatforms) = postSolution
		{400DD07E-8C96-455F-8446-E09F2133A288}.Debug|Any CPU.ActiveCfg = Debug|Any CPU
		{400DD07E-8C96-455F-8446-E09F2133A288}.Debug|Any CPU.Build.0 = Debug|Any CPU
		{400DD07E-8C96-455F-8446-E09F2133A288}.Release|Any CPU.ActiveCfg = Release|Any CPU
		{400DD07E-8C96-455F-8446-E09F2133A288}.Release|Any CPU.Build.0 = Release|Any CPU
	EndGlobalSection
	GlobalSection(SolutionProperties) = preSolution
		HideSolutionNode = FALSE
	EndGlobalSection
	GlobalSection(ExtensibilityGlobals) = postSolution
		SolutionGuid = {49C52917-E877-461F-84EE-0E1731FA504B}
	EndGlobalSection
EndGlobal
