
Microsoft Visual Studio Solution File, Format Version 12.00
# Visual Studio Version 17
VisualStudioVersion = 17.14.36401.2 d17.14
MinimumVisualStudioVersion = 10.0.40219.1
Project("{FAE04EC0-301F-11D3-BF4B-00C04F79EFBC}") = "Assignment7.2.2", "Assignment7.2.2.csproj", "{4AA1EB07-543E-4D9E-B495-1FB5ED7A273B}"
EndProject
Global
	GlobalSection(SolutionConfigurationPlatforms) = preSolution
		Debug|Any CPU = Debug|Any CPU
		Release|Any CPU = Release|Any CPU
	EndGlobalSection
	GlobalSection(ProjectConfigurationPlatforms) = postSolution
		{4AA1EB07-543E-4D9E-B495-1FB5ED7A273B}.Debug|Any CPU.ActiveCfg = Debug|Any CPU
		{4AA1EB07-543E-4D9E-B495-1FB5ED7A273B}.Debug|Any CPU.Build.0 = Debug|Any CPU
		{4AA1EB07-543E-4D9E-B495-1FB5ED7A273B}.Release|Any CPU.ActiveCfg = Release|Any CPU
		{4AA1EB07-543E-4D9E-B495-1FB5ED7A273B}.Release|Any CPU.Build.0 = Release|Any CPU
	EndGlobalSection
	GlobalSection(SolutionProperties) = preSolution
		HideSolutionNode = FALSE
	EndGlobalSection
	GlobalSection(ExtensibilityGlobals) = postSolution
		SolutionGuid = {0761CE5C-F670-4164-B090-88A6A342AF1D}
	EndGlobalSection
EndGlobal
