
Microsoft Visual Studio Solution File, Format Version 12.00
# Visual Studio Version 17
VisualStudioVersion = 17.14.36221.1 d17.14
MinimumVisualStudioVersion = 10.0.40219.1
Project("{FAE04EC0-301F-11D3-BF4B-00C04F79EFBC}") = "Assignment 1.4.1", "Assignment 1.4.1.csproj", "{0CFFE7B6-D304-47C8-BA87-45F656D8FC63}"
EndProject
Global
	GlobalSection(SolutionConfigurationPlatforms) = preSolution
		Debug|Any CPU = Debug|Any CPU
		Release|Any CPU = Release|Any CPU
	EndGlobalSection
	GlobalSection(ProjectConfigurationPlatforms) = postSolution
		{0CFFE7B6-D304-47C8-BA87-45F656D8FC63}.Debug|Any CPU.ActiveCfg = Debug|Any CPU
		{0CFFE7B6-D304-47C8-BA87-45F656D8FC63}.Debug|Any CPU.Build.0 = Debug|Any CPU
		{0CFFE7B6-D304-47C8-BA87-45F656D8FC63}.Release|Any CPU.ActiveCfg = Release|Any CPU
		{0CFFE7B6-D304-47C8-BA87-45F656D8FC63}.Release|Any CPU.Build.0 = Release|Any CPU
	EndGlobalSection
	GlobalSection(SolutionProperties) = preSolution
		HideSolutionNode = FALSE
	EndGlobalSection
	GlobalSection(ExtensibilityGlobals) = postSolution
		SolutionGuid = {14735F85-559D-431E-AA15-6496CE543B1E}
	EndGlobalSection
EndGlobal
