
Microsoft Visual Studio Solution File, Format Version 12.00
# Visual Studio Version 17
VisualStudioVersion = 17.14.36221.1 d17.14
MinimumVisualStudioVersion = 10.0.40219.1
Project("{FAE04EC0-301F-11D3-BF4B-00C04F79EFBC}") = "Assignment3.2.3", "Assignment3.2.3.csproj", "{A3AC004A-9089-4444-A931-ACCBEBD1A6D6}"
EndProject
Global
	GlobalSection(SolutionConfigurationPlatforms) = preSolution
		Debug|Any CPU = Debug|Any CPU
		Release|Any CPU = Release|Any CPU
	EndGlobalSection
	GlobalSection(ProjectConfigurationPlatforms) = postSolution
		{A3AC004A-9089-4444-A931-ACCBEBD1A6D6}.Debug|Any CPU.ActiveCfg = Debug|Any CPU
		{A3AC004A-9089-4444-A931-ACCBEBD1A6D6}.Debug|Any CPU.Build.0 = Debug|Any CPU
		{A3AC004A-9089-4444-A931-ACCBEBD1A6D6}.Release|Any CPU.ActiveCfg = Release|Any CPU
		{A3AC004A-9089-4444-A931-ACCBEBD1A6D6}.Release|Any CPU.Build.0 = Release|Any CPU
	EndGlobalSection
	GlobalSection(SolutionProperties) = preSolution
		HideSolutionNode = FALSE
	EndGlobalSection
	GlobalSection(ExtensibilityGlobals) = postSolution
		SolutionGuid = {8A87557F-4643-4301-93E4-636C59FA8FC4}
	EndGlobalSection
EndGlobal
