
Microsoft Visual Studio Solution File, Format Version 12.00
# Visual Studio Version 17
VisualStudioVersion = 17.14.36221.1 d17.14
MinimumVisualStudioVersion = 10.0.40219.1
Project("{FAE04EC0-301F-11D3-BF4B-00C04F79EFBC}") = "Assignment 3.2.5", "Assignment 3.2.5.csproj", "{882FA2D7-F455-43D5-B40B-83DD2D3F9C66}"
EndProject
Global
	GlobalSection(SolutionConfigurationPlatforms) = preSolution
		Debug|Any CPU = Debug|Any CPU
		Release|Any CPU = Release|Any CPU
	EndGlobalSection
	GlobalSection(ProjectConfigurationPlatforms) = postSolution
		{882FA2D7-F455-43D5-B40B-83DD2D3F9C66}.Debug|Any CPU.ActiveCfg = Debug|Any CPU
		{882FA2D7-F455-43D5-B40B-83DD2D3F9C66}.Debug|Any CPU.Build.0 = Debug|Any CPU
		{882FA2D7-F455-43D5-B40B-83DD2D3F9C66}.Release|Any CPU.ActiveCfg = Release|Any CPU
		{882FA2D7-F455-43D5-B40B-83DD2D3F9C66}.Release|Any CPU.Build.0 = Release|Any CPU
	EndGlobalSection
	GlobalSection(SolutionProperties) = preSolution
		HideSolutionNode = FALSE
	EndGlobalSection
	GlobalSection(ExtensibilityGlobals) = postSolution
		SolutionGuid = {FDC151B7-9B0D-4CE5-9DEF-50193E4554E9}
	EndGlobalSection
EndGlobal
