
Microsoft Visual Studio Solution File, Format Version 12.00
# Visual Studio Version 17
VisualStudioVersion = 17.14.36221.1 d17.14
MinimumVisualStudioVersion = 10.0.40219.1
Project("{FAE04EC0-301F-11D3-BF4B-00C04F79EFBC}") = "Assignment1.2.3", "Assignment1.2.3.csproj", "{A21A5A41-27C6-4331-B7F3-6436FD7E5FC1}"
EndProject
Global
	GlobalSection(SolutionConfigurationPlatforms) = preSolution
		Debug|Any CPU = Debug|Any CPU
		Release|Any CPU = Release|Any CPU
	EndGlobalSection
	GlobalSection(ProjectConfigurationPlatforms) = postSolution
		{A21A5A41-27C6-4331-B7F3-6436FD7E5FC1}.Debug|Any CPU.ActiveCfg = Debug|Any CPU
		{A21A5A41-27C6-4331-B7F3-6436FD7E5FC1}.Debug|Any CPU.Build.0 = Debug|Any CPU
		{A21A5A41-27C6-4331-B7F3-6436FD7E5FC1}.Release|Any CPU.ActiveCfg = Release|Any CPU
		{A21A5A41-27C6-4331-B7F3-6436FD7E5FC1}.Release|Any CPU.Build.0 = Release|Any CPU
	EndGlobalSection
	GlobalSection(SolutionProperties) = preSolution
		HideSolutionNode = FALSE
	EndGlobalSection
	GlobalSection(ExtensibilityGlobals) = postSolution
		SolutionGuid = {B15C1901-29DC-486A-AC25-DEB2A68AC0FE}
	EndGlobalSection
EndGlobal
