
Microsoft Visual Studio Solution File, Format Version 12.00
# Visual Studio Version 17
VisualStudioVersion = 17.14.36221.1 d17.14
MinimumVisualStudioVersion = 10.0.40219.1
Project("{FAE04EC0-301F-11D3-BF4B-00C04F79EFBC}") = "Assignment3.4.1", "Assignment3.4.1.csproj", "{F131173B-FE08-455B-88D8-EA37F2A45EAC}"
EndProject
Project("{2150E333-8FDC-42A3-9474-1A3956D46DE8}") = "Solution Items", "Solution Items", "{8EC462FD-D22E-90A8-E5CE-7E832BA40C5D}"
	ProjectSection(SolutionItems) = preProject
		Beverage.cs = Beverage.cs
	EndProjectSection
EndProject
Global
	GlobalSection(SolutionConfigurationPlatforms) = preSolution
		Debug|Any CPU = Debug|Any CPU
		Release|Any CPU = Release|Any CPU
	EndGlobalSection
	GlobalSection(ProjectConfigurationPlatforms) = postSolution
		{F131173B-FE08-455B-88D8-EA37F2A45EAC}.Debug|Any CPU.ActiveCfg = Debug|Any CPU
		{F131173B-FE08-455B-88D8-EA37F2A45EAC}.Debug|Any CPU.Build.0 = Debug|Any CPU
		{F131173B-FE08-455B-88D8-EA37F2A45EAC}.Release|Any CPU.ActiveCfg = Release|Any CPU
		{F131173B-FE08-455B-88D8-EA37F2A45EAC}.Release|Any CPU.Build.0 = Release|Any CPU
	EndGlobalSection
	GlobalSection(SolutionProperties) = preSolution
		HideSolutionNode = FALSE
	EndGlobalSection
	GlobalSection(ExtensibilityGlobals) = postSolution
		SolutionGuid = {86FB2F83-E947-43EE-8172-0FF925E1B544}
	EndGlobalSection
EndGlobal
